
Microsoft Visual Studio Solution File, Format Version 12.00
# Visual Studio Version 17
VisualStudioVersion = 17.8.34330.188
MinimumVisualStudioVersion = 10.0.40219.1
Project("{FAE04EC0-301F-11D3-BF4B-00C04F79EFBC}") = "WebAPI", "WebAPI\WebAPI.csproj", "{CFA2B7AF-0609-47AF-AB27-6E7E0BABCC32}"
EndProject
Global
	GlobalSection(SolutionConfigurationPlatforms) = preSolution
		Debug|Any CPU = Debug|Any CPU
		Release|Any CPU = Release|Any CPU
	EndGlobalSection
	GlobalSection(ProjectConfigurationPlatforms) = postSolution
		{CFA2B7AF-0609-47AF-AB27-6E7E0BABCC32}.Debug|Any CPU.ActiveCfg = Debug|Any CPU
		{CFA2B7AF-0609-47AF-AB27-6E7E0BABCC32}.Debug|Any CPU.Build.0 = Debug|Any CPU
		{CFA2B7AF-0609-47AF-AB27-6E7E0BABCC32}.Release|Any CPU.ActiveCfg = Release|Any CPU
		{CFA2B7AF-0609-47AF-AB27-6E7E0BABCC32}.Release|Any CPU.Build.0 = Release|Any CPU
	EndGlobalSection
	GlobalSection(SolutionProperties) = preSolution
		HideSolutionNode = FALSE
	EndGlobalSection
	GlobalSection(ExtensibilityGlobals) = postSolution
		SolutionGuid = {E5AC2C17-4C1A-4F03-B3A0-2976D738B20A}
	EndGlobalSection
EndGlobal
